// !$*UTF8*$!
{
	archiveVersion = 1;
	classes = {
	};
	objectVersion = 48;
	objects = {

/* Begin PBXBuildFile section */
		080214CC1FD401D900799D05 /* Differ.framework in Frameworks */ = {isa = PBXBuildFile; fileRef = 080214CB1FD401D900799D05 /* Differ.framework */; };
		080214CD1FD4020100799D05 /* Differ.framework in Frameworks */ = {isa = PBXBuildFile; fileRef = 080214CB1FD401D900799D05 /* Differ.framework */; };
		080214CE1FD4020100799D05 /* Differ.framework in Embed Frameworks */ = {isa = PBXBuildFile; fileRef = 080214CB1FD401D900799D05 /* Differ.framework */; settings = {ATTRIBUTES = (CodeSignOnCopy, RemoveHeadersOnCopy, ); }; };
		080214D11FD406D500799D05 /* HowtoViewController.swift in Sources */ = {isa = PBXBuildFile; fileRef = 080214D01FD406D500799D05 /* HowtoViewController.swift */; };
		080DC6101F515AC7002BF1C2 /* EFQRCode.framework in Frameworks */ = {isa = PBXBuildFile; fileRef = 080DC60F1F515ABF002BF1C2 /* EFQRCode.framework */; };
		080DC6111F515AC7002BF1C2 /* EFQRCode.framework in Embed Frameworks */ = {isa = PBXBuildFile; fileRef = 080DC60F1F515ABF002BF1C2 /* EFQRCode.framework */; settings = {ATTRIBUTES = (CodeSignOnCopy, RemoveHeadersOnCopy, ); }; };
		080DC6121F515AC8002BF1C2 /* MTBBarcodeScanner.framework in Frameworks */ = {isa = PBXBuildFile; fileRef = 080DC60E1F515ABF002BF1C2 /* MTBBarcodeScanner.framework */; };
		080DC6131F515AC8002BF1C2 /* MTBBarcodeScanner.framework in Embed Frameworks */ = {isa = PBXBuildFile; fileRef = 080DC60E1F515ABF002BF1C2 /* MTBBarcodeScanner.framework */; settings = {ATTRIBUTES = (CodeSignOnCopy, RemoveHeadersOnCopy, ); }; };
		080DC6151F516972002BF1C2 /* Realm.swift in Sources */ = {isa = PBXBuildFile; fileRef = 080DC6141F516971002BF1C2 /* Realm.swift */; };
		081C9A2E1F529CEA0013D5F9 /* yes-Icon-60@1x.png in Resources */ = {isa = PBXBuildFile; fileRef = 081C9A281F527A880013D5F9 /* yes-Icon-60@1x.png */; };
		081C9A2F1F529CEA0013D5F9 /* yes-Icon-60@2x.png in Resources */ = {isa = PBXBuildFile; fileRef = 081C9A2A1F527A880013D5F9 /* yes-Icon-60@2x.png */; };
		081C9A301F529CEA0013D5F9 /* yes-Icon-60@3x.png in Resources */ = {isa = PBXBuildFile; fileRef = 081C9A291F527A880013D5F9 /* yes-Icon-60@3x.png */; };
		081C9A311F529CEA0013D5F9 /* no-Icon-60@x1.png in Resources */ = {isa = PBXBuildFile; fileRef = 081C9A251F527A440013D5F9 /* no-Icon-60@x1.png */; };
		081C9A321F529CEA0013D5F9 /* no-Icon-60@2x.png in Resources */ = {isa = PBXBuildFile; fileRef = 081C9A261F527A440013D5F9 /* no-Icon-60@2x.png */; };
		081C9A331F529CEA0013D5F9 /* no-Icon-60@3x.png in Resources */ = {isa = PBXBuildFile; fileRef = 081C9A271F527A450013D5F9 /* no-Icon-60@3x.png */; };
		081C9A341F529CEA0013D5F9 /* appIcon60@1x.png in Resources */ = {isa = PBXBuildFile; fileRef = 081C9A2C1F527C1E0013D5F9 /* appIcon60@1x.png */; };
		081C9A351F529CEA0013D5F9 /* appIcon60@2x.png in Resources */ = {isa = PBXBuildFile; fileRef = 081C9A2D1F527C1E0013D5F9 /* appIcon60@2x.png */; };
		081C9A361F529CEA0013D5F9 /* appIcon60@3x.png in Resources */ = {isa = PBXBuildFile; fileRef = 081C9A2B1F527C1E0013D5F9 /* appIcon60@3x.png */; };
		08801DAD1F510F3400BD4BEB /* AppDelegate.swift in Sources */ = {isa = PBXBuildFile; fileRef = 08801DAC1F510F3400BD4BEB /* AppDelegate.swift */; };
		08801DB21F510F3400BD4BEB /* Main.storyboard in Resources */ = {isa = PBXBuildFile; fileRef = 08801DB01F510F3400BD4BEB /* Main.storyboard */; };
		08801DB41F510F3400BD4BEB /* Assets.xcassets in Resources */ = {isa = PBXBuildFile; fileRef = 08801DB31F510F3400BD4BEB /* Assets.xcassets */; };
		08801DB71F510F3400BD4BEB /* LaunchScreen.storyboard in Resources */ = {isa = PBXBuildFile; fileRef = 08801DB51F510F3400BD4BEB /* LaunchScreen.storyboard */; };
		08801DC21F510F3400BD4BEB /* YesNoAppTests.swift in Sources */ = {isa = PBXBuildFile; fileRef = 08801DC11F510F3400BD4BEB /* YesNoAppTests.swift */; };
		08801DCD1F510F3400BD4BEB /* YesNoAppUITests.swift in Sources */ = {isa = PBXBuildFile; fileRef = 08801DCC1F510F3400BD4BEB /* YesNoAppUITests.swift */; };
		08801DF71F51162C00BD4BEB /* Alamofire.framework in Frameworks */ = {isa = PBXBuildFile; fileRef = 08801DF31F51162300BD4BEB /* Alamofire.framework */; };
		08801DF81F51162C00BD4BEB /* Alamofire.framework in Embed Frameworks */ = {isa = PBXBuildFile; fileRef = 08801DF31F51162300BD4BEB /* Alamofire.framework */; settings = {ATTRIBUTES = (CodeSignOnCopy, RemoveHeadersOnCopy, ); }; };
		08801DF91F51162C00BD4BEB /* Bond.framework in Frameworks */ = {isa = PBXBuildFile; fileRef = 08801DF61F51162400BD4BEB /* Bond.framework */; };
		08801DFA1F51162C00BD4BEB /* Bond.framework in Embed Frameworks */ = {isa = PBXBuildFile; fileRef = 08801DF61F51162400BD4BEB /* Bond.framework */; settings = {ATTRIBUTES = (CodeSignOnCopy, RemoveHeadersOnCopy, ); }; };
		08801DFD1F51162C00BD4BEB /* MBProgressHUD.framework in Frameworks */ = {isa = PBXBuildFile; fileRef = 08801DF41F51162300BD4BEB /* MBProgressHUD.framework */; };
		08801DFE1F51162C00BD4BEB /* MBProgressHUD.framework in Embed Frameworks */ = {isa = PBXBuildFile; fileRef = 08801DF41F51162300BD4BEB /* MBProgressHUD.framework */; settings = {ATTRIBUTES = (CodeSignOnCopy, RemoveHeadersOnCopy, ); }; };
		08801DFF1F51162C00BD4BEB /* PermissionScope.framework in Frameworks */ = {isa = PBXBuildFile; fileRef = 08801DF21F51162300BD4BEB /* PermissionScope.framework */; };
		08801E001F51162C00BD4BEB /* PermissionScope.framework in Embed Frameworks */ = {isa = PBXBuildFile; fileRef = 08801DF21F51162300BD4BEB /* PermissionScope.framework */; settings = {ATTRIBUTES = (CodeSignOnCopy, RemoveHeadersOnCopy, ); }; };
		08801E011F51162C00BD4BEB /* ReactiveKit.framework in Frameworks */ = {isa = PBXBuildFile; fileRef = 08801DF11F51162300BD4BEB /* ReactiveKit.framework */; };
		08801E021F51162C00BD4BEB /* ReactiveKit.framework in Embed Frameworks */ = {isa = PBXBuildFile; fileRef = 08801DF11F51162300BD4BEB /* ReactiveKit.framework */; settings = {ATTRIBUTES = (CodeSignOnCopy, RemoveHeadersOnCopy, ); }; };
		08801E041F5119F300BD4BEB /* Alamofire+SwiftyJSON.swift in Sources */ = {isa = PBXBuildFile; fileRef = 08801DE71F51114500BD4BEB /* Alamofire+SwiftyJSON.swift */; };
		08801E051F5119F300BD4BEB /* APIService.swift in Sources */ = {isa = PBXBuildFile; fileRef = 08801DE61F51114500BD4BEB /* APIService.swift */; };
		08801E061F5119F300BD4BEB /* Config.swift in Sources */ = {isa = PBXBuildFile; fileRef = 08801DEA1F51114500BD4BEB /* Config.swift */; };
		08801E071F5119F300BD4BEB /* Router.swift in Sources */ = {isa = PBXBuildFile; fileRef = 08801DE91F51114500BD4BEB /* Router.swift */; };
		08801E081F5119F300BD4BEB /* YesNo.swift in Sources */ = {isa = PBXBuildFile; fileRef = 08801DE81F51114500BD4BEB /* YesNo.swift */; };
		08801E091F5119FF00BD4BEB /* Info.plist in Resources */ = {isa = PBXBuildFile; fileRef = 08801DB81F510F3400BD4BEB /* Info.plist */; };
		08801E0B1F511A5900BD4BEB /* UserDefaults.swift in Sources */ = {isa = PBXBuildFile; fileRef = 08801E0A1F511A5800BD4BEB /* UserDefaults.swift */; };
		08801E0F1F511BBE00BD4BEB /* Realm.framework in Frameworks */ = {isa = PBXBuildFile; fileRef = 08801E0C1F511B7C00BD4BEB /* Realm.framework */; };
		08801E101F511BBE00BD4BEB /* Realm.framework in Embed Frameworks */ = {isa = PBXBuildFile; fileRef = 08801E0C1F511B7C00BD4BEB /* Realm.framework */; settings = {ATTRIBUTES = (CodeSignOnCopy, RemoveHeadersOnCopy, ); }; };
		08801E111F511BBE00BD4BEB /* RealmSwift.framework in Frameworks */ = {isa = PBXBuildFile; fileRef = 08801E0D1F511B7C00BD4BEB /* RealmSwift.framework */; };
		08801E121F511BBE00BD4BEB /* RealmSwift.framework in Embed Frameworks */ = {isa = PBXBuildFile; fileRef = 08801E0D1F511B7C00BD4BEB /* RealmSwift.framework */; settings = {ATTRIBUTES = (CodeSignOnCopy, RemoveHeadersOnCopy, ); }; };
		08801E131F511BBE00BD4BEB /* SwiftyJSON.framework in Frameworks */ = {isa = PBXBuildFile; fileRef = 08801E0E1F511B7C00BD4BEB /* SwiftyJSON.framework */; };
		08801E141F511BBE00BD4BEB /* SwiftyJSON.framework in Embed Frameworks */ = {isa = PBXBuildFile; fileRef = 08801E0E1F511B7C00BD4BEB /* SwiftyJSON.framework */; settings = {ATTRIBUTES = (CodeSignOnCopy, RemoveHeadersOnCopy, ); }; };
		08801E1F1F511E8100BD4BEB /* BoolExtension.swift in Sources */ = {isa = PBXBuildFile; fileRef = 08801E181F511DD100BD4BEB /* BoolExtension.swift */; };
		08801E201F511E8100BD4BEB /* SegueHandlerType.swift in Sources */ = {isa = PBXBuildFile; fileRef = 08801E191F511DD100BD4BEB /* SegueHandlerType.swift */; };
		08801E211F511E8100BD4BEB /* UIViewExtension.swift in Sources */ = {isa = PBXBuildFile; fileRef = 08801E1A1F511DD100BD4BEB /* UIViewExtension.swift */; };
		08801E221F511E8100BD4BEB /* Utility.swift in Sources */ = {isa = PBXBuildFile; fileRef = 08801E171F511DD000BD4BEB /* Utility.swift */; };
		08801E241F511EE100BD4BEB /* YesNoViewModel.swift in Sources */ = {isa = PBXBuildFile; fileRef = 08801E231F511EE100BD4BEB /* YesNoViewModel.swift */; };
		08801E261F511EF400BD4BEB /* YesNoModel.swift in Sources */ = {isa = PBXBuildFile; fileRef = 08801E251F511EF400BD4BEB /* YesNoModel.swift */; };
		08801E281F511F1100BD4BEB /* User.swift in Sources */ = {isa = PBXBuildFile; fileRef = 08801E271F511F1100BD4BEB /* User.swift */; };
		08801E2D1F512F2300BD4BEB /* YesNoStatusViewController.swift in Sources */ = {isa = PBXBuildFile; fileRef = 08801E2C1F512F2300BD4BEB /* YesNoStatusViewController.swift */; };
		08801E2F1F512F5500BD4BEB /* UserChangeCollectionViewController.swift in Sources */ = {isa = PBXBuildFile; fileRef = 08801E2E1F512F5500BD4BEB /* UserChangeCollectionViewController.swift */; };
		08B0F4C11F5138030094C5A4 /* SplashViewController.swift in Sources */ = {isa = PBXBuildFile; fileRef = 08B0F4C01F5138010094C5A4 /* SplashViewController.swift */; };
		08B0F4C41F5138360094C5A4 /* BaseViewController.swift in Sources */ = {isa = PBXBuildFile; fileRef = 08B0F4C31F5138360094C5A4 /* BaseViewController.swift */; };
		08B0F4C61F5138BE0094C5A4 /* BaseViewModel.swift in Sources */ = {isa = PBXBuildFile; fileRef = 08B0F4C51F5138BE0094C5A4 /* BaseViewModel.swift */; };
		08B0F4CB1F5153420094C5A4 /* QRGenerateViewController.swift in Sources */ = {isa = PBXBuildFile; fileRef = 08B0F4CA1F5153420094C5A4 /* QRGenerateViewController.swift */; };
		08B0F4CD1F5153510094C5A4 /* QRReadViewController.swift in Sources */ = {isa = PBXBuildFile; fileRef = 08B0F4CC1F5153510094C5A4 /* QRReadViewController.swift */; };
		4F839B6A2868D8700752B93E /* Pods_YesNoAppTests.framework in Frameworks */ = {isa = PBXBuildFile; fileRef = 0AF651261217DB69A135B8BE /* Pods_YesNoAppTests.framework */; };
		E57BC75DC106D06E0DE9CD67 /* Pods_YesNoAppUITests.framework in Frameworks */ = {isa = PBXBuildFile; fileRef = 9199B30FDD90A622B4DC54D3 /* Pods_YesNoAppUITests.framework */; };
		E6972C7636309666CD33DA9C /* Pods_YesNoApp.framework in Frameworks */ = {isa = PBXBuildFile; fileRef = 9B2D4FA446B9D20A1299E5E8 /* Pods_YesNoApp.framework */; };
/* End PBXBuildFile section */

/* Begin PBXContainerItemProxy section */
		08801DBE1F510F3400BD4BEB /* PBXContainerItemProxy */ = {
			isa = PBXContainerItemProxy;
			containerPortal = 08801DA11F510F3400BD4BEB /* Project object */;
			proxyType = 1;
			remoteGlobalIDString = 08801DA81F510F3400BD4BEB;
			remoteInfo = YesNoApp;
		};
		08801DC91F510F3400BD4BEB /* PBXContainerItemProxy */ = {
			isa = PBXContainerItemProxy;
			containerPortal = 08801DA11F510F3400BD4BEB /* Project object */;
			proxyType = 1;
			remoteGlobalIDString = 08801DA81F510F3400BD4BEB;
			remoteInfo = YesNoApp;
		};
/* End PBXContainerItemProxy section */

/* Begin PBXCopyFilesBuildPhase section */
		08801E031F51162C00BD4BEB /* Embed Frameworks */ = {
			isa = PBXCopyFilesBuildPhase;
			buildActionMask = 2147483647;
			dstPath = "";
			dstSubfolderSpec = 10;
			files = (
				08801E001F51162C00BD4BEB /* PermissionScope.framework in Embed Frameworks */,
				08801DFE1F51162C00BD4BEB /* MBProgressHUD.framework in Embed Frameworks */,
				08801E141F511BBE00BD4BEB /* SwiftyJSON.framework in Embed Frameworks */,
				080DC6111F515AC7002BF1C2 /* EFQRCode.framework in Embed Frameworks */,
				080214CE1FD4020100799D05 /* Differ.framework in Embed Frameworks */,
				08801DF81F51162C00BD4BEB /* Alamofire.framework in Embed Frameworks */,
				080DC6131F515AC8002BF1C2 /* MTBBarcodeScanner.framework in Embed Frameworks */,
				08801E101F511BBE00BD4BEB /* Realm.framework in Embed Frameworks */,
				08801E021F51162C00BD4BEB /* ReactiveKit.framework in Embed Frameworks */,
				08801E121F511BBE00BD4BEB /* RealmSwift.framework in Embed Frameworks */,
				08801DFA1F51162C00BD4BEB /* Bond.framework in Embed Frameworks */,
			);
			name = "Embed Frameworks";
			runOnlyForDeploymentPostprocessing = 0;
		};
/* End PBXCopyFilesBuildPhase section */

/* Begin PBXFileReference section */
		080214CB1FD401D900799D05 /* Differ.framework */ = {isa = PBXFileReference; lastKnownFileType = wrapper.framework; name = Differ.framework; path = Carthage/Build/iOS/Differ.framework; sourceTree = "<group>"; };
		080214D01FD406D500799D05 /* HowtoViewController.swift */ = {isa = PBXFileReference; lastKnownFileType = sourcecode.swift; path = HowtoViewController.swift; sourceTree = "<group>"; };
		080DC60E1F515ABF002BF1C2 /* MTBBarcodeScanner.framework */ = {isa = PBXFileReference; lastKnownFileType = wrapper.framework; name = MTBBarcodeScanner.framework; path = Carthage/Build/iOS/MTBBarcodeScanner.framework; sourceTree = "<group>"; };
		080DC60F1F515ABF002BF1C2 /* EFQRCode.framework */ = {isa = PBXFileReference; lastKnownFileType = wrapper.framework; name = EFQRCode.framework; path = Carthage/Build/iOS/EFQRCode.framework; sourceTree = "<group>"; };
		080DC6141F516971002BF1C2 /* Realm.swift */ = {isa = PBXFileReference; lastKnownFileType = sourcecode.swift; path = Realm.swift; sourceTree = "<group>"; };
		081C9A251F527A440013D5F9 /* no-Icon-60@x1.png */ = {isa = PBXFileReference; lastKnownFileType = image.png; path = "no-Icon-60@x1.png"; sourceTree = "<group>"; };
		081C9A261F527A440013D5F9 /* no-Icon-60@2x.png */ = {isa = PBXFileReference; lastKnownFileType = image.png; path = "no-Icon-60@2x.png"; sourceTree = "<group>"; };
		081C9A271F527A450013D5F9 /* no-Icon-60@3x.png */ = {isa = PBXFileReference; lastKnownFileType = image.png; path = "no-Icon-60@3x.png"; sourceTree = "<group>"; };
		081C9A281F527A880013D5F9 /* yes-Icon-60@1x.png */ = {isa = PBXFileReference; lastKnownFileType = image.png; path = "yes-Icon-60@1x.png"; sourceTree = "<group>"; };
		081C9A291F527A880013D5F9 /* yes-Icon-60@3x.png */ = {isa = PBXFileReference; lastKnownFileType = image.png; path = "yes-Icon-60@3x.png"; sourceTree = "<group>"; };
		081C9A2A1F527A880013D5F9 /* yes-Icon-60@2x.png */ = {isa = PBXFileReference; lastKnownFileType = image.png; path = "yes-Icon-60@2x.png"; sourceTree = "<group>"; };
		081C9A2B1F527C1E0013D5F9 /* appIcon60@3x.png */ = {isa = PBXFileReference; lastKnownFileType = image.png; path = "appIcon60@3x.png"; sourceTree = "<group>"; };
		081C9A2C1F527C1E0013D5F9 /* appIcon60@1x.png */ = {isa = PBXFileReference; lastKnownFileType = image.png; path = "appIcon60@1x.png"; sourceTree = "<group>"; };
		081C9A2D1F527C1E0013D5F9 /* appIcon60@2x.png */ = {isa = PBXFileReference; lastKnownFileType = image.png; path = "appIcon60@2x.png"; sourceTree = "<group>"; };
		08801DA91F510F3400BD4BEB /* YesNoApp.app */ = {isa = PBXFileReference; explicitFileType = wrapper.application; includeInIndex = 0; path = YesNoApp.app; sourceTree = BUILT_PRODUCTS_DIR; };
		08801DAC1F510F3400BD4BEB /* AppDelegate.swift */ = {isa = PBXFileReference; lastKnownFileType = sourcecode.swift; path = AppDelegate.swift; sourceTree = "<group>"; };
		08801DB11F510F3400BD4BEB /* Base */ = {isa = PBXFileReference; lastKnownFileType = file.storyboard; name = Base; path = Base.lproj/Main.storyboard; sourceTree = "<group>"; };
		08801DB31F510F3400BD4BEB /* Assets.xcassets */ = {isa = PBXFileReference; lastKnownFileType = folder.assetcatalog; path = Assets.xcassets; sourceTree = "<group>"; };
		08801DB61F510F3400BD4BEB /* Base */ = {isa = PBXFileReference; lastKnownFileType = file.storyboard; name = Base; path = Base.lproj/LaunchScreen.storyboard; sourceTree = "<group>"; };
		08801DB81F510F3400BD4BEB /* Info.plist */ = {isa = PBXFileReference; lastKnownFileType = text.plist.xml; path = Info.plist; sourceTree = "<group>"; };
		08801DBD1F510F3400BD4BEB /* YesNoAppTests.xctest */ = {isa = PBXFileReference; explicitFileType = wrapper.cfbundle; includeInIndex = 0; path = YesNoAppTests.xctest; sourceTree = BUILT_PRODUCTS_DIR; };
		08801DC11F510F3400BD4BEB /* YesNoAppTests.swift */ = {isa = PBXFileReference; lastKnownFileType = sourcecode.swift; path = YesNoAppTests.swift; sourceTree = "<group>"; };
		08801DC31F510F3400BD4BEB /* Info.plist */ = {isa = PBXFileReference; lastKnownFileType = text.plist.xml; path = Info.plist; sourceTree = "<group>"; };
		08801DC81F510F3400BD4BEB /* YesNoAppUITests.xctest */ = {isa = PBXFileReference; explicitFileType = wrapper.cfbundle; includeInIndex = 0; path = YesNoAppUITests.xctest; sourceTree = BUILT_PRODUCTS_DIR; };
		08801DCC1F510F3400BD4BEB /* YesNoAppUITests.swift */ = {isa = PBXFileReference; lastKnownFileType = sourcecode.swift; path = YesNoAppUITests.swift; sourceTree = "<group>"; };
		08801DCE1F510F3400BD4BEB /* Info.plist */ = {isa = PBXFileReference; lastKnownFileType = text.plist.xml; path = Info.plist; sourceTree = "<group>"; };
		08801DE61F51114500BD4BEB /* APIService.swift */ = {isa = PBXFileReference; lastKnownFileType = sourcecode.swift; path = APIService.swift; sourceTree = "<group>"; };
		08801DE71F51114500BD4BEB /* Alamofire+SwiftyJSON.swift */ = {isa = PBXFileReference; lastKnownFileType = sourcecode.swift; path = "Alamofire+SwiftyJSON.swift"; sourceTree = "<group>"; };
		08801DE81F51114500BD4BEB /* YesNo.swift */ = {isa = PBXFileReference; lastKnownFileType = sourcecode.swift; path = YesNo.swift; sourceTree = "<group>"; };
		08801DE91F51114500BD4BEB /* Router.swift */ = {isa = PBXFileReference; lastKnownFileType = sourcecode.swift; path = Router.swift; sourceTree = "<group>"; };
		08801DEA1F51114500BD4BEB /* Config.swift */ = {isa = PBXFileReference; lastKnownFileType = sourcecode.swift; path = Config.swift; sourceTree = "<group>"; };
		08801DF11F51162300BD4BEB /* ReactiveKit.framework */ = {isa = PBXFileReference; lastKnownFileType = wrapper.framework; name = ReactiveKit.framework; path = Carthage/Build/iOS/ReactiveKit.framework; sourceTree = "<group>"; };
		08801DF21F51162300BD4BEB /* PermissionScope.framework */ = {isa = PBXFileReference; lastKnownFileType = wrapper.framework; name = PermissionScope.framework; path = Carthage/Build/iOS/PermissionScope.framework; sourceTree = "<group>"; };
		08801DF31F51162300BD4BEB /* Alamofire.framework */ = {isa = PBXFileReference; lastKnownFileType = wrapper.framework; name = Alamofire.framework; path = Carthage/Build/iOS/Alamofire.framework; sourceTree = "<group>"; };
		08801DF41F51162300BD4BEB /* MBProgressHUD.framework */ = {isa = PBXFileReference; lastKnownFileType = wrapper.framework; name = MBProgressHUD.framework; path = Carthage/Build/iOS/MBProgressHUD.framework; sourceTree = "<group>"; };
		08801DF61F51162400BD4BEB /* Bond.framework */ = {isa = PBXFileReference; lastKnownFileType = wrapper.framework; name = Bond.framework; path = Carthage/Build/iOS/Bond.framework; sourceTree = "<group>"; };
		08801E0A1F511A5800BD4BEB /* UserDefaults.swift */ = {isa = PBXFileReference; lastKnownFileType = sourcecode.swift; path = UserDefaults.swift; sourceTree = "<group>"; };
		08801E0C1F511B7C00BD4BEB /* Realm.framework */ = {isa = PBXFileReference; lastKnownFileType = wrapper.framework; name = Realm.framework; path = Carthage/Build/iOS/Realm.framework; sourceTree = "<group>"; };
		08801E0D1F511B7C00BD4BEB /* RealmSwift.framework */ = {isa = PBXFileReference; lastKnownFileType = wrapper.framework; name = RealmSwift.framework; path = Carthage/Build/iOS/RealmSwift.framework; sourceTree = "<group>"; };
		08801E0E1F511B7C00BD4BEB /* SwiftyJSON.framework */ = {isa = PBXFileReference; lastKnownFileType = wrapper.framework; name = SwiftyJSON.framework; path = Carthage/Build/iOS/SwiftyJSON.framework; sourceTree = "<group>"; };
		08801E151F511D0E00BD4BEB /* YesNoApp.entitlements */ = {isa = PBXFileReference; lastKnownFileType = text.plist.entitlements; path = YesNoApp.entitlements; sourceTree = "<group>"; };
		08801E171F511DD000BD4BEB /* Utility.swift */ = {isa = PBXFileReference; lastKnownFileType = sourcecode.swift; path = Utility.swift; sourceTree = "<group>"; };
		08801E181F511DD100BD4BEB /* BoolExtension.swift */ = {isa = PBXFileReference; lastKnownFileType = sourcecode.swift; path = BoolExtension.swift; sourceTree = "<group>"; };
		08801E191F511DD100BD4BEB /* SegueHandlerType.swift */ = {isa = PBXFileReference; lastKnownFileType = sourcecode.swift; path = SegueHandlerType.swift; sourceTree = "<group>"; };
		08801E1A1F511DD100BD4BEB /* UIViewExtension.swift */ = {isa = PBXFileReference; lastKnownFileType = sourcecode.swift; path = UIViewExtension.swift; sourceTree = "<group>"; };
		08801E231F511EE100BD4BEB /* YesNoViewModel.swift */ = {isa = PBXFileReference; lastKnownFileType = sourcecode.swift; path = YesNoViewModel.swift; sourceTree = "<group>"; };
		08801E251F511EF400BD4BEB /* YesNoModel.swift */ = {isa = PBXFileReference; lastKnownFileType = sourcecode.swift; path = YesNoModel.swift; sourceTree = "<group>"; };
		08801E271F511F1100BD4BEB /* User.swift */ = {isa = PBXFileReference; lastKnownFileType = sourcecode.swift; path = User.swift; sourceTree = "<group>"; };
		08801E2C1F512F2300BD4BEB /* YesNoStatusViewController.swift */ = {isa = PBXFileReference; lastKnownFileType = sourcecode.swift; path = YesNoStatusViewController.swift; sourceTree = "<group>"; };
		08801E2E1F512F5500BD4BEB /* UserChangeCollectionViewController.swift */ = {isa = PBXFileReference; lastKnownFileType = sourcecode.swift; path = UserChangeCollectionViewController.swift; sourceTree = "<group>"; };
		08B0F4C01F5138010094C5A4 /* SplashViewController.swift */ = {isa = PBXFileReference; lastKnownFileType = sourcecode.swift; name = SplashViewController.swift; path = YesNoApp/Classes/Controller/Splash/SplashViewController.swift; sourceTree = SOURCE_ROOT; };
		08B0F4C31F5138360094C5A4 /* BaseViewController.swift */ = {isa = PBXFileReference; lastKnownFileType = sourcecode.swift; path = BaseViewController.swift; sourceTree = "<group>"; };
		08B0F4C51F5138BE0094C5A4 /* BaseViewModel.swift */ = {isa = PBXFileReference; lastKnownFileType = sourcecode.swift; path = BaseViewModel.swift; sourceTree = "<group>"; };
		08B0F4CA1F5153420094C5A4 /* QRGenerateViewController.swift */ = {isa = PBXFileReference; lastKnownFileType = sourcecode.swift; path = QRGenerateViewController.swift; sourceTree = "<group>"; };
		08B0F4CC1F5153510094C5A4 /* QRReadViewController.swift */ = {isa = PBXFileReference; lastKnownFileType = sourcecode.swift; path = QRReadViewController.swift; sourceTree = "<group>"; };
		0AF651261217DB69A135B8BE /* Pods_YesNoAppTests.framework */ = {isa = PBXFileReference; explicitFileType = wrapper.framework; includeInIndex = 0; path = Pods_YesNoAppTests.framework; sourceTree = BUILT_PRODUCTS_DIR; };
		187A00EDBD58F080006958BC /* Pods-YesNoAppUITests.release.xcconfig */ = {isa = PBXFileReference; includeInIndex = 1; lastKnownFileType = text.xcconfig; name = "Pods-YesNoAppUITests.release.xcconfig"; path = "Pods/Target Support Files/Pods-YesNoAppUITests/Pods-YesNoAppUITests.release.xcconfig"; sourceTree = "<group>"; };
		2BD4128F66560E02596DC72D /* Pods-YesNoAppTests.debug.xcconfig */ = {isa = PBXFileReference; includeInIndex = 1; lastKnownFileType = text.xcconfig; name = "Pods-YesNoAppTests.debug.xcconfig"; path = "Pods/Target Support Files/Pods-YesNoAppTests/Pods-YesNoAppTests.debug.xcconfig"; sourceTree = "<group>"; };
		9199B30FDD90A622B4DC54D3 /* Pods_YesNoAppUITests.framework */ = {isa = PBXFileReference; explicitFileType = wrapper.framework; includeInIndex = 0; path = Pods_YesNoAppUITests.framework; sourceTree = BUILT_PRODUCTS_DIR; };
		91E4C0D45B63CF1F7794DC2A /* Pods-YesNoAppUITests.debug.xcconfig */ = {isa = PBXFileReference; includeInIndex = 1; lastKnownFileType = text.xcconfig; name = "Pods-YesNoAppUITests.debug.xcconfig"; path = "Pods/Target Support Files/Pods-YesNoAppUITests/Pods-YesNoAppUITests.debug.xcconfig"; sourceTree = "<group>"; };
		9B2D4FA446B9D20A1299E5E8 /* Pods_YesNoApp.framework */ = {isa = PBXFileReference; explicitFileType = wrapper.framework; includeInIndex = 0; path = Pods_YesNoApp.framework; sourceTree = BUILT_PRODUCTS_DIR; };
		CD2DCB2E1E36A7CE6E4F22CF /* Pods-YesNoApp.debug.xcconfig */ = {isa = PBXFileReference; includeInIndex = 1; lastKnownFileType = text.xcconfig; name = "Pods-YesNoApp.debug.xcconfig"; path = "Pods/Target Support Files/Pods-YesNoApp/Pods-YesNoApp.debug.xcconfig"; sourceTree = "<group>"; };
		D0BA52D770A269D8A6BBB0BC /* Pods-YesNoAppTests.release.xcconfig */ = {isa = PBXFileReference; includeInIndex = 1; lastKnownFileType = text.xcconfig; name = "Pods-YesNoAppTests.release.xcconfig"; path = "Pods/Target Support Files/Pods-YesNoAppTests/Pods-YesNoAppTests.release.xcconfig"; sourceTree = "<group>"; };
		F6413783B30388153A788199 /* Pods-YesNoApp.release.xcconfig */ = {isa = PBXFileReference; includeInIndex = 1; lastKnownFileType = text.xcconfig; name = "Pods-YesNoApp.release.xcconfig"; path = "Pods/Target Support Files/Pods-YesNoApp/Pods-YesNoApp.release.xcconfig"; sourceTree = "<group>"; };
/* End PBXFileReference section */

/* Begin PBXFrameworksBuildPhase section */
		08801DA61F510F3400BD4BEB /* Frameworks */ = {
			isa = PBXFrameworksBuildPhase;
			buildActionMask = 2147483647;
			files = (
				08801DF91F51162C00BD4BEB /* Bond.framework in Frameworks */,
				080DC6101F515AC7002BF1C2 /* EFQRCode.framework in Frameworks */,
				E6972C7636309666CD33DA9C /* Pods_YesNoApp.framework in Frameworks */,
				080214CD1FD4020100799D05 /* Differ.framework in Frameworks */,
				08801E111F511BBE00BD4BEB /* RealmSwift.framework in Frameworks */,
				080214CC1FD401D900799D05 /* Differ.framework in Frameworks */,
				08801DFF1F51162C00BD4BEB /* PermissionScope.framework in Frameworks */,
				08801E131F511BBE00BD4BEB /* SwiftyJSON.framework in Frameworks */,
				08801DF71F51162C00BD4BEB /* Alamofire.framework in Frameworks */,
				08801E0F1F511BBE00BD4BEB /* Realm.framework in Frameworks */,
				080DC6121F515AC8002BF1C2 /* MTBBarcodeScanner.framework in Frameworks */,
				08801DFD1F51162C00BD4BEB /* MBProgressHUD.framework in Frameworks */,
				08801E011F51162C00BD4BEB /* ReactiveKit.framework in Frameworks */,
			);
			runOnlyForDeploymentPostprocessing = 0;
		};
		08801DBA1F510F3400BD4BEB /* Frameworks */ = {
			isa = PBXFrameworksBuildPhase;
			buildActionMask = 2147483647;
			files = (
				4F839B6A2868D8700752B93E /* Pods_YesNoAppTests.framework in Frameworks */,
			);
			runOnlyForDeploymentPostprocessing = 0;
		};
		08801DC51F510F3400BD4BEB /* Frameworks */ = {
			isa = PBXFrameworksBuildPhase;
			buildActionMask = 2147483647;
			files = (
				E57BC75DC106D06E0DE9CD67 /* Pods_YesNoAppUITests.framework in Frameworks */,
			);
			runOnlyForDeploymentPostprocessing = 0;
		};
/* End PBXFrameworksBuildPhase section */

/* Begin PBXGroup section */
		080214CF1FD406B400799D05 /* Howto */ = {
			isa = PBXGroup;
			children = (
				080214D01FD406D500799D05 /* HowtoViewController.swift */,
			);
			path = Howto;
			sourceTree = "<group>";
		};
		08801DA01F510F3400BD4BEB = {
			isa = PBXGroup;
			children = (
				08801DAB1F510F3400BD4BEB /* YesNoApp */,
				08801DC01F510F3400BD4BEB /* YesNoAppTests */,
				08801DCB1F510F3400BD4BEB /* YesNoAppUITests */,
				08801DAA1F510F3400BD4BEB /* Products */,
				920C3EAE9C4F324156711210 /* Pods */,
				6A26086C216C26027AFE9340 /* Frameworks */,
			);
			sourceTree = "<group>";
		};
		08801DAA1F510F3400BD4BEB /* Products */ = {
			isa = PBXGroup;
			children = (
				08801DA91F510F3400BD4BEB /* YesNoApp.app */,
				08801DBD1F510F3400BD4BEB /* YesNoAppTests.xctest */,
				08801DC81F510F3400BD4BEB /* YesNoAppUITests.xctest */,
			);
			name = Products;
			sourceTree = "<group>";
		};
		08801DAB1F510F3400BD4BEB /* YesNoApp */ = {
			isa = PBXGroup;
			children = (
				08801DDA1F510FB900BD4BEB /* Classes */,
				08801DDB1F510FE200BD4BEB /* Resouces */,
			);
			path = YesNoApp;
			sourceTree = "<group>";
		};
		08801DC01F510F3400BD4BEB /* YesNoAppTests */ = {
			isa = PBXGroup;
			children = (
				08801DC11F510F3400BD4BEB /* YesNoAppTests.swift */,
				08801DC31F510F3400BD4BEB /* Info.plist */,
			);
			path = YesNoAppTests;
			sourceTree = "<group>";
		};
		08801DCB1F510F3400BD4BEB /* YesNoAppUITests */ = {
			isa = PBXGroup;
			children = (
				08801DCC1F510F3400BD4BEB /* YesNoAppUITests.swift */,
				08801DCE1F510F3400BD4BEB /* Info.plist */,
			);
			path = YesNoAppUITests;
			sourceTree = "<group>";
		};
		08801DDA1F510FB900BD4BEB /* Classes */ = {
			isa = PBXGroup;
			children = (
				08801DAC1F510F3400BD4BEB /* AppDelegate.swift */,
				08801DE11F510FFD00BD4BEB /* Layout */,
				08801DE01F510FFB00BD4BEB /* Controller */,
				08801DDF1F510FFB00BD4BEB /* View */,
				08801DDE1F510FFA00BD4BEB /* ViewModel */,
				08801DE21F51102A00BD4BEB /* Model */,
				08801DDD1F510FF900BD4BEB /* Utility */,
				08801DDC1F510FF600BD4BEB /* Config */,
			);
			path = Classes;
			sourceTree = "<group>";
		};
		08801DDB1F510FE200BD4BEB /* Resouces */ = {
			isa = PBXGroup;
			children = (
				08B0F4C71F513F3A0094C5A4 /* DynamicIcons */,
				08801DB31F510F3400BD4BEB /* Assets.xcassets */,
			);
			path = Resouces;
			sourceTree = "<group>";
		};
		08801DDC1F510FF600BD4BEB /* Config */ = {
			isa = PBXGroup;
			children = (
				08801E0A1F511A5800BD4BEB /* UserDefaults.swift */,
				08801DE71F51114500BD4BEB /* Alamofire+SwiftyJSON.swift */,
				08801DE61F51114500BD4BEB /* APIService.swift */,
				08801DEA1F51114500BD4BEB /* Config.swift */,
				08801DE91F51114500BD4BEB /* Router.swift */,
				08801DE81F51114500BD4BEB /* YesNo.swift */,
				08801DE51F51107400BD4BEB /* Info */,
				08801E151F511D0E00BD4BEB /* YesNoApp.entitlements */,
			);
			path = Config;
			sourceTree = "<group>";
		};
		08801DDD1F510FF900BD4BEB /* Utility */ = {
			isa = PBXGroup;
			children = (
				08801E181F511DD100BD4BEB /* BoolExtension.swift */,
				08801E191F511DD100BD4BEB /* SegueHandlerType.swift */,
				08801E1A1F511DD100BD4BEB /* UIViewExtension.swift */,
				08801E171F511DD000BD4BEB /* Utility.swift */,
			);
			path = Utility;
			sourceTree = "<group>";
		};
		08801DDE1F510FFA00BD4BEB /* ViewModel */ = {
			isa = PBXGroup;
			children = (
				08801E231F511EE100BD4BEB /* YesNoViewModel.swift */,
				08B0F4C51F5138BE0094C5A4 /* BaseViewModel.swift */,
			);
			path = ViewModel;
			sourceTree = "<group>";
		};
		08801DDF1F510FFB00BD4BEB /* View */ = {
			isa = PBXGroup;
			children = (
			);
			path = View;
			sourceTree = "<group>";
		};
		08801DE01F510FFB00BD4BEB /* Controller */ = {
			isa = PBXGroup;
			children = (
				08B0F4BF1F5137EB0094C5A4 /* Splash */,
				080214CF1FD406B400799D05 /* Howto */,
				08B0F4C21F5138250094C5A4 /* Base */,
				08801E2B1F512EE700BD4BEB /* UserChange */,
				08B0F4C91F5152A00094C5A4 /* QRGenerate */,
				08B0F4C81F51529C0094C5A4 /* QRRead */,
				08801E2A1F512ED700BD4BEB /* YesNoStatus */,
			);
			path = Controller;
			sourceTree = "<group>";
		};
		08801DE11F510FFD00BD4BEB /* Layout */ = {
			isa = PBXGroup;
			children = (
				08801DB51F510F3400BD4BEB /* LaunchScreen.storyboard */,
				08801DE41F51105800BD4BEB /* Main */,
			);
			path = Layout;
			sourceTree = "<group>";
		};
		08801DE21F51102A00BD4BEB /* Model */ = {
			isa = PBXGroup;
			children = (
				080DC6141F516971002BF1C2 /* Realm.swift */,
				08801E251F511EF400BD4BEB /* YesNoModel.swift */,
				08801DE31F51102B00BD4BEB /* Entity */,
			);
			path = Model;
			sourceTree = "<group>";
		};
		08801DE31F51102B00BD4BEB /* Entity */ = {
			isa = PBXGroup;
			children = (
				08801E271F511F1100BD4BEB /* User.swift */,
			);
			path = Entity;
			sourceTree = "<group>";
		};
		08801DE41F51105800BD4BEB /* Main */ = {
			isa = PBXGroup;
			children = (
				08801DB01F510F3400BD4BEB /* Main.storyboard */,
			);
			path = Main;
			sourceTree = "<group>";
		};
		08801DE51F51107400BD4BEB /* Info */ = {
			isa = PBXGroup;
			children = (
				08801DB81F510F3400BD4BEB /* Info.plist */,
			);
			path = Info;
			sourceTree = "<group>";
		};
		08801E2A1F512ED700BD4BEB /* YesNoStatus */ = {
			isa = PBXGroup;
			children = (
				08801E2C1F512F2300BD4BEB /* YesNoStatusViewController.swift */,
			);
			path = YesNoStatus;
			sourceTree = "<group>";
		};
		08801E2B1F512EE700BD4BEB /* UserChange */ = {
			isa = PBXGroup;
			children = (
				08801E2E1F512F5500BD4BEB /* UserChangeCollectionViewController.swift */,
			);
			path = UserChange;
			sourceTree = "<group>";
		};
		08B0F4BF1F5137EB0094C5A4 /* Splash */ = {
			isa = PBXGroup;
			children = (
				08B0F4C01F5138010094C5A4 /* SplashViewController.swift */,
			);
			name = Splash;
			path = "New Group";
			sourceTree = "<group>";
		};
		08B0F4C21F5138250094C5A4 /* Base */ = {
			isa = PBXGroup;
			children = (
				08B0F4C31F5138360094C5A4 /* BaseViewController.swift */,
			);
			path = Base;
			sourceTree = "<group>";
		};
		08B0F4C71F513F3A0094C5A4 /* DynamicIcons */ = {
			isa = PBXGroup;
			children = (
				081C9A281F527A880013D5F9 /* yes-Icon-60@1x.png */,
				081C9A2A1F527A880013D5F9 /* yes-Icon-60@2x.png */,
				081C9A291F527A880013D5F9 /* yes-Icon-60@3x.png */,
				081C9A251F527A440013D5F9 /* no-Icon-60@x1.png */,
				081C9A261F527A440013D5F9 /* no-Icon-60@2x.png */,
				081C9A271F527A450013D5F9 /* no-Icon-60@3x.png */,
				081C9A2C1F527C1E0013D5F9 /* appIcon60@1x.png */,
				081C9A2D1F527C1E0013D5F9 /* appIcon60@2x.png */,
				081C9A2B1F527C1E0013D5F9 /* appIcon60@3x.png */,
			);
			path = DynamicIcons;
			sourceTree = "<group>";
		};
		08B0F4C81F51529C0094C5A4 /* QRRead */ = {
			isa = PBXGroup;
			children = (
				08B0F4CC1F5153510094C5A4 /* QRReadViewController.swift */,
			);
			path = QRRead;
			sourceTree = "<group>";
		};
		08B0F4C91F5152A00094C5A4 /* QRGenerate */ = {
			isa = PBXGroup;
			children = (
				08B0F4CA1F5153420094C5A4 /* QRGenerateViewController.swift */,
			);
			path = QRGenerate;
			sourceTree = "<group>";
		};
		6A26086C216C26027AFE9340 /* Frameworks */ = {
			isa = PBXGroup;
			children = (
				080214CB1FD401D900799D05 /* Differ.framework */,
				080DC60F1F515ABF002BF1C2 /* EFQRCode.framework */,
				080DC60E1F515ABF002BF1C2 /* MTBBarcodeScanner.framework */,
				08801E0C1F511B7C00BD4BEB /* Realm.framework */,
				08801E0D1F511B7C00BD4BEB /* RealmSwift.framework */,
				08801E0E1F511B7C00BD4BEB /* SwiftyJSON.framework */,
				08801DF31F51162300BD4BEB /* Alamofire.framework */,
				08801DF61F51162400BD4BEB /* Bond.framework */,
				08801DF41F51162300BD4BEB /* MBProgressHUD.framework */,
				08801DF21F51162300BD4BEB /* PermissionScope.framework */,
				08801DF11F51162300BD4BEB /* ReactiveKit.framework */,
				9B2D4FA446B9D20A1299E5E8 /* Pods_YesNoApp.framework */,
				0AF651261217DB69A135B8BE /* Pods_YesNoAppTests.framework */,
				9199B30FDD90A622B4DC54D3 /* Pods_YesNoAppUITests.framework */,
			);
			name = Frameworks;
			sourceTree = "<group>";
		};
		920C3EAE9C4F324156711210 /* Pods */ = {
			isa = PBXGroup;
			children = (
				CD2DCB2E1E36A7CE6E4F22CF /* Pods-YesNoApp.debug.xcconfig */,
				F6413783B30388153A788199 /* Pods-YesNoApp.release.xcconfig */,
				2BD4128F66560E02596DC72D /* Pods-YesNoAppTests.debug.xcconfig */,
				D0BA52D770A269D8A6BBB0BC /* Pods-YesNoAppTests.release.xcconfig */,
				91E4C0D45B63CF1F7794DC2A /* Pods-YesNoAppUITests.debug.xcconfig */,
				187A00EDBD58F080006958BC /* Pods-YesNoAppUITests.release.xcconfig */,
			);
			name = Pods;
			sourceTree = "<group>";
		};
/* End PBXGroup section */

/* Begin PBXNativeTarget section */
		08801DA81F510F3400BD4BEB /* YesNoApp */ = {
			isa = PBXNativeTarget;
			buildConfigurationList = 08801DD11F510F3400BD4BEB /* Build configuration list for PBXNativeTarget "YesNoApp" */;
			buildPhases = (
				26DE8C7FFB9D4FD9C0D85497 /* [CP] Check Pods Manifest.lock */,
				08801DA51F510F3400BD4BEB /* Sources */,
				08801DA61F510F3400BD4BEB /* Frameworks */,
				08801DA71F510F3400BD4BEB /* Resources */,
				60DFA535D4E54E37987382FB /* [CP] Embed Pods Frameworks */,
				351031324D9D0F6DF1259F76 /* [CP] Copy Pods Resources */,
				08801DEF1F51153500BD4BEB /* Carthage Run Script */,
				08801E031F51162C00BD4BEB /* Embed Frameworks */,
			);
			buildRules = (
			);
			dependencies = (
			);
			name = YesNoApp;
			productName = YesNoApp;
			productReference = 08801DA91F510F3400BD4BEB /* YesNoApp.app */;
			productType = "com.apple.product-type.application";
		};
		08801DBC1F510F3400BD4BEB /* YesNoAppTests */ = {
			isa = PBXNativeTarget;
			buildConfigurationList = 08801DD41F510F3400BD4BEB /* Build configuration list for PBXNativeTarget "YesNoAppTests" */;
			buildPhases = (
				678F53EDC3FF1CC7C6817E4A /* [CP] Check Pods Manifest.lock */,
				08801DB91F510F3400BD4BEB /* Sources */,
				08801DBA1F510F3400BD4BEB /* Frameworks */,
				08801DBB1F510F3400BD4BEB /* Resources */,
				2930D50EEC8AF9E34EE5B8F2 /* [CP] Embed Pods Frameworks */,
				A1BE227D8F885C516F481F21 /* [CP] Copy Pods Resources */,
			);
			buildRules = (
			);
			dependencies = (
				08801DBF1F510F3400BD4BEB /* PBXTargetDependency */,
			);
			name = YesNoAppTests;
			productName = YesNoAppTests;
			productReference = 08801DBD1F510F3400BD4BEB /* YesNoAppTests.xctest */;
			productType = "com.apple.product-type.bundle.unit-test";
		};
		08801DC71F510F3400BD4BEB /* YesNoAppUITests */ = {
			isa = PBXNativeTarget;
			buildConfigurationList = 08801DD71F510F3400BD4BEB /* Build configuration list for PBXNativeTarget "YesNoAppUITests" */;
			buildPhases = (
				9C4975F08DBC5C5C7FC02B73 /* [CP] Check Pods Manifest.lock */,
				08801DC41F510F3400BD4BEB /* Sources */,
				08801DC51F510F3400BD4BEB /* Frameworks */,
				08801DC61F510F3400BD4BEB /* Resources */,
				E0986F22529CCF8D19BC593B /* [CP] Embed Pods Frameworks */,
				7DBA52656BE6FDB2575D3CAD /* [CP] Copy Pods Resources */,
			);
			buildRules = (
			);
			dependencies = (
				08801DCA1F510F3400BD4BEB /* PBXTargetDependency */,
			);
			name = YesNoAppUITests;
			productName = YesNoAppUITests;
			productReference = 08801DC81F510F3400BD4BEB /* YesNoAppUITests.xctest */;
			productType = "com.apple.product-type.bundle.ui-testing";
		};
/* End PBXNativeTarget section */

/* Begin PBXProject section */
		08801DA11F510F3400BD4BEB /* Project object */ = {
			isa = PBXProject;
			attributes = {
				LastSwiftUpdateCheck = 0900;
				LastUpgradeCheck = 0900;
				ORGANIZATIONNAME = "shogo okamuro";
				TargetAttributes = {
					08801DA81F510F3400BD4BEB = {
						CreatedOnToolsVersion = 9.0;
						ProvisioningStyle = Automatic;
						SystemCapabilities = {
							com.apple.Push = {
								enabled = 1;
							};
						};
					};
					08801DBC1F510F3400BD4BEB = {
						CreatedOnToolsVersion = 9.0;
						ProvisioningStyle = Automatic;
						TestTargetID = 08801DA81F510F3400BD4BEB;
					};
					08801DC71F510F3400BD4BEB = {
						CreatedOnToolsVersion = 9.0;
						ProvisioningStyle = Automatic;
						TestTargetID = 08801DA81F510F3400BD4BEB;
					};
				};
			};
			buildConfigurationList = 08801DA41F510F3400BD4BEB /* Build configuration list for PBXProject "YesNoApp" */;
			compatibilityVersion = "Xcode 8.0";
			developmentRegion = en;
			hasScannedForEncodings = 0;
			knownRegions = (
				en,
				Base,
			);
			mainGroup = 08801DA01F510F3400BD4BEB;
			productRefGroup = 08801DAA1F510F3400BD4BEB /* Products */;
			projectDirPath = "";
			projectRoot = "";
			targets = (
				08801DA81F510F3400BD4BEB /* YesNoApp */,
				08801DBC1F510F3400BD4BEB /* YesNoAppTests */,
				08801DC71F510F3400BD4BEB /* YesNoAppUITests */,
			);
		};
/* End PBXProject section */

/* Begin PBXResourcesBuildPhase section */
		08801DA71F510F3400BD4BEB /* Resources */ = {
			isa = PBXResourcesBuildPhase;
			buildActionMask = 2147483647;
			files = (
				081C9A2E1F529CEA0013D5F9 /* yes-Icon-60@1x.png in Resources */,
				081C9A2F1F529CEA0013D5F9 /* yes-Icon-60@2x.png in Resources */,
				081C9A301F529CEA0013D5F9 /* yes-Icon-60@3x.png in Resources */,
				081C9A311F529CEA0013D5F9 /* no-Icon-60@x1.png in Resources */,
				081C9A321F529CEA0013D5F9 /* no-Icon-60@2x.png in Resources */,
				081C9A331F529CEA0013D5F9 /* no-Icon-60@3x.png in Resources */,
				081C9A341F529CEA0013D5F9 /* appIcon60@1x.png in Resources */,
				081C9A351F529CEA0013D5F9 /* appIcon60@2x.png in Resources */,
				081C9A361F529CEA0013D5F9 /* appIcon60@3x.png in Resources */,
				08801E091F5119FF00BD4BEB /* Info.plist in Resources */,
				08801DB71F510F3400BD4BEB /* LaunchScreen.storyboard in Resources */,
				08801DB41F510F3400BD4BEB /* Assets.xcassets in Resources */,
				08801DB21F510F3400BD4BEB /* Main.storyboard in Resources */,
			);
			runOnlyForDeploymentPostprocessing = 0;
		};
		08801DBB1F510F3400BD4BEB /* Resources */ = {
			isa = PBXResourcesBuildPhase;
			buildActionMask = 2147483647;
			files = (
			);
			runOnlyForDeploymentPostprocessing = 0;
		};
		08801DC61F510F3400BD4BEB /* Resources */ = {
			isa = PBXResourcesBuildPhase;
			buildActionMask = 2147483647;
			files = (
			);
			runOnlyForDeploymentPostprocessing = 0;
		};
/* End PBXResourcesBuildPhase section */

/* Begin PBXShellScriptBuildPhase section */
		08801DEF1F51153500BD4BEB /* Carthage Run Script */ = {
			isa = PBXShellScriptBuildPhase;
			buildActionMask = 8;
			files = (
			);
			inputPaths = (
				"$(SRCROOT)/Carthage/Build/iOS/Alamofire.framework",
				"$(SRCROOT)/Carthage/Build/iOS/Bond.framework",
				"$(SRCROOT)/Carthage/Build/iOS/Differ.framework",
				"$(SRCROOT)/Carthage/Build/iOS/MBProgressHUD.framework",
				"$(SRCROOT)/Carthage/Build/iOS/PermissionScope.framework",
				"$(SRCROOT)/Carthage/Build/iOS/ReactiveKit.framework",
				"$(SRCROOT)/Carthage/Build/iOS/Realm.framework",
				"$(SRCROOT)/Carthage/Build/iOS/RealmSwift.framework",
				"$(SRCROOT)/Carthage/Build/iOS/SwiftyJSON.framework",
				"$(SRCROOT)/Carthage/Build/iOS/EFQRCode.framework",
				"$(SRCROOT)/Carthage/Build/iOS/MTBBarcodeScanner.framework",
			);
			name = "Carthage Run Script";
			outputPaths = (
			);
			runOnlyForDeploymentPostprocessing = 1;
			shellPath = /bin/sh;
			shellScript = "/usr/local/bin/carthage copy-frameworks\n";
		};
		26DE8C7FFB9D4FD9C0D85497 /* [CP] Check Pods Manifest.lock */ = {
			isa = PBXShellScriptBuildPhase;
			buildActionMask = 2147483647;
			files = (
			);
			inputPaths = (
				"${PODS_PODFILE_DIR_PATH}/Podfile.lock",
				"${PODS_ROOT}/Manifest.lock",
			);
			name = "[CP] Check Pods Manifest.lock";
			outputPaths = (
				"$(DERIVED_FILE_DIR)/Pods-YesNoApp-checkManifestLockResult.txt",
			);
			runOnlyForDeploymentPostprocessing = 0;
			shellPath = /bin/sh;
			shellScript = "diff \"${PODS_PODFILE_DIR_PATH}/Podfile.lock\" \"${PODS_ROOT}/Manifest.lock\" > /dev/null\nif [ $? != 0 ] ; then\n    # print error to STDERR\n    echo \"error: The sandbox is not in sync with the Podfile.lock. Run 'pod install' or update your CocoaPods installation.\" >&2\n    exit 1\nfi\n# This output is used by Xcode 'outputs' to avoid re-running this script phase.\necho \"SUCCESS\" > \"${SCRIPT_OUTPUT_FILE_0}\"\n";
			showEnvVarsInLog = 0;
		};
		2930D50EEC8AF9E34EE5B8F2 /* [CP] Embed Pods Frameworks */ = {
			isa = PBXShellScriptBuildPhase;
			buildActionMask = 2147483647;
			files = (
			);
			inputPaths = (
			);
			name = "[CP] Embed Pods Frameworks";
			outputPaths = (
			);
			runOnlyForDeploymentPostprocessing = 0;
			shellPath = /bin/sh;
			shellScript = "\"${SRCROOT}/Pods/Target Support Files/Pods-YesNoAppTests/Pods-YesNoAppTests-frameworks.sh\"\n";
			showEnvVarsInLog = 0;
		};
		351031324D9D0F6DF1259F76 /* [CP] Copy Pods Resources */ = {
			isa = PBXShellScriptBuildPhase;
			buildActionMask = 2147483647;
			files = (
			);
			inputPaths = (
			);
			name = "[CP] Copy Pods Resources";
			outputPaths = (
			);
			runOnlyForDeploymentPostprocessing = 0;
			shellPath = /bin/sh;
			shellScript = "\"${SRCROOT}/Pods/Target Support Files/Pods-YesNoApp/Pods-YesNoApp-resources.sh\"\n";
			showEnvVarsInLog = 0;
		};
		60DFA535D4E54E37987382FB /* [CP] Embed Pods Frameworks */ = {
			isa = PBXShellScriptBuildPhase;
			buildActionMask = 2147483647;
			files = (
			);
			inputPaths = (
			);
			name = "[CP] Embed Pods Frameworks";
			outputPaths = (
			);
			runOnlyForDeploymentPostprocessing = 0;
			shellPath = /bin/sh;
			shellScript = "\"${SRCROOT}/Pods/Target Support Files/Pods-YesNoApp/Pods-YesNoApp-frameworks.sh\"\n";
			showEnvVarsInLog = 0;
		};
		678F53EDC3FF1CC7C6817E4A /* [CP] Check Pods Manifest.lock */ = {
			isa = PBXShellScriptBuildPhase;
			buildActionMask = 2147483647;
			files = (
			);
			inputPaths = (
				"${PODS_PODFILE_DIR_PATH}/Podfile.lock",
				"${PODS_ROOT}/Manifest.lock",
			);
			name = "[CP] Check Pods Manifest.lock";
			outputPaths = (
				"$(DERIVED_FILE_DIR)/Pods-YesNoAppTests-checkManifestLockResult.txt",
			);
			runOnlyForDeploymentPostprocessing = 0;
			shellPath = /bin/sh;
			shellScript = "diff \"${PODS_PODFILE_DIR_PATH}/Podfile.lock\" \"${PODS_ROOT}/Manifest.lock\" > /dev/null\nif [ $? != 0 ] ; then\n    # print error to STDERR\n    echo \"error: The sandbox is not in sync with the Podfile.lock. Run 'pod install' or update your CocoaPods installation.\" >&2\n    exit 1\nfi\n# This output is used by Xcode 'outputs' to avoid re-running this script phase.\necho \"SUCCESS\" > \"${SCRIPT_OUTPUT_FILE_0}\"\n";
			showEnvVarsInLog = 0;
		};
		7DBA52656BE6FDB2575D3CAD /* [CP] Copy Pods Resources */ = {
			isa = PBXShellScriptBuildPhase;
			buildActionMask = 2147483647;
			files = (
			);
			inputPaths = (
			);
			name = "[CP] Copy Pods Resources";
			outputPaths = (
			);
			runOnlyForDeploymentPostprocessing = 0;
			shellPath = /bin/sh;
			shellScript = "\"${SRCROOT}/Pods/Target Support Files/Pods-YesNoAppUITests/Pods-YesNoAppUITests-resources.sh\"\n";
			showEnvVarsInLog = 0;
		};
		9C4975F08DBC5C5C7FC02B73 /* [CP] Check Pods Manifest.lock */ = {
			isa = PBXShellScriptBuildPhase;
			buildActionMask = 2147483647;
			files = (
			);
			inputPaths = (
				"${PODS_PODFILE_DIR_PATH}/Podfile.lock",
				"${PODS_ROOT}/Manifest.lock",
			);
			name = "[CP] Check Pods Manifest.lock";
			outputPaths = (
				"$(DERIVED_FILE_DIR)/Pods-YesNoAppUITests-checkManifestLockResult.txt",
			);
			runOnlyForDeploymentPostprocessing = 0;
			shellPath = /bin/sh;
			shellScript = "diff \"${PODS_PODFILE_DIR_PATH}/Podfile.lock\" \"${PODS_ROOT}/Manifest.lock\" > /dev/null\nif [ $? != 0 ] ; then\n    # print error to STDERR\n    echo \"error: The sandbox is not in sync with the Podfile.lock. Run 'pod install' or update your CocoaPods installation.\" >&2\n    exit 1\nfi\n# This output is used by Xcode 'outputs' to avoid re-running this script phase.\necho \"SUCCESS\" > \"${SCRIPT_OUTPUT_FILE_0}\"\n";
			showEnvVarsInLog = 0;
		};
		A1BE227D8F885C516F481F21 /* [CP] Copy Pods Resources */ = {
			isa = PBXShellScriptBuildPhase;
			buildActionMask = 2147483647;
			files = (
			);
			inputPaths = (
			);
			name = "[CP] Copy Pods Resources";
			outputPaths = (
			);
			runOnlyForDeploymentPostprocessing = 0;
			shellPath = /bin/sh;
			shellScript = "\"${SRCROOT}/Pods/Target Support Files/Pods-YesNoAppTests/Pods-YesNoAppTests-resources.sh\"\n";
			showEnvVarsInLog = 0;
		};
		E0986F22529CCF8D19BC593B /* [CP] Embed Pods Frameworks */ = {
			isa = PBXShellScriptBuildPhase;
			buildActionMask = 2147483647;
			files = (
			);
			inputPaths = (
			);
			name = "[CP] Embed Pods Frameworks";
			outputPaths = (
			);
			runOnlyForDeploymentPostprocessing = 0;
			shellPath = /bin/sh;
			shellScript = "\"${SRCROOT}/Pods/Target Support Files/Pods-YesNoAppUITests/Pods-YesNoAppUITests-frameworks.sh\"\n";
			showEnvVarsInLog = 0;
		};
/* End PBXShellScriptBuildPhase section */

/* Begin PBXSourcesBuildPhase section */
		08801DA51F510F3400BD4BEB /* Sources */ = {
			isa = PBXSourcesBuildPhase;
			buildActionMask = 2147483647;
			files = (
				08801E211F511E8100BD4BEB /* UIViewExtension.swift in Sources */,
				08801E081F5119F300BD4BEB /* YesNo.swift in Sources */,
				08801E041F5119F300BD4BEB /* Alamofire+SwiftyJSON.swift in Sources */,
				080214D11FD406D500799D05 /* HowtoViewController.swift in Sources */,
				080DC6151F516972002BF1C2 /* Realm.swift in Sources */,
				08B0F4C11F5138030094C5A4 /* SplashViewController.swift in Sources */,
				08B0F4CD1F5153510094C5A4 /* QRReadViewController.swift in Sources */,
				08801E221F511E8100BD4BEB /* Utility.swift in Sources */,
				08B0F4C41F5138360094C5A4 /* BaseViewController.swift in Sources */,
				08801E061F5119F300BD4BEB /* Config.swift in Sources */,
				08801E241F511EE100BD4BEB /* YesNoViewModel.swift in Sources */,
				08801E281F511F1100BD4BEB /* User.swift in Sources */,
				08801E071F5119F300BD4BEB /* Router.swift in Sources */,
				08B0F4CB1F5153420094C5A4 /* QRGenerateViewController.swift in Sources */,
				08801E051F5119F300BD4BEB /* APIService.swift in Sources */,
				08801E261F511EF400BD4BEB /* YesNoModel.swift in Sources */,
				08801E2F1F512F5500BD4BEB /* UserChangeCollectionViewController.swift in Sources */,
				08801E2D1F512F2300BD4BEB /* YesNoStatusViewController.swift in Sources */,
				08B0F4C61F5138BE0094C5A4 /* BaseViewModel.swift in Sources */,
				08801E0B1F511A5900BD4BEB /* UserDefaults.swift in Sources */,
				08801DAD1F510F3400BD4BEB /* AppDelegate.swift in Sources */,
				08801E201F511E8100BD4BEB /* SegueHandlerType.swift in Sources */,
				08801E1F1F511E8100BD4BEB /* BoolExtension.swift in Sources */,
			);
			runOnlyForDeploymentPostprocessing = 0;
		};
		08801DB91F510F3400BD4BEB /* Sources */ = {
			isa = PBXSourcesBuildPhase;
			buildActionMask = 2147483647;
			files = (
				08801DC21F510F3400BD4BEB /* YesNoAppTests.swift in Sources */,
			);
			runOnlyForDeploymentPostprocessing = 0;
		};
		08801DC41F510F3400BD4BEB /* Sources */ = {
			isa = PBXSourcesBuildPhase;
			buildActionMask = 2147483647;
			files = (
				08801DCD1F510F3400BD4BEB /* YesNoAppUITests.swift in Sources */,
			);
			runOnlyForDeploymentPostprocessing = 0;
		};
/* End PBXSourcesBuildPhase section */

/* Begin PBXTargetDependency section */
		08801DBF1F510F3400BD4BEB /* PBXTargetDependency */ = {
			isa = PBXTargetDependency;
			target = 08801DA81F510F3400BD4BEB /* YesNoApp */;
			targetProxy = 08801DBE1F510F3400BD4BEB /* PBXContainerItemProxy */;
		};
		08801DCA1F510F3400BD4BEB /* PBXTargetDependency */ = {
			isa = PBXTargetDependency;
			target = 08801DA81F510F3400BD4BEB /* YesNoApp */;
			targetProxy = 08801DC91F510F3400BD4BEB /* PBXContainerItemProxy */;
		};
/* End PBXTargetDependency section */

/* Begin PBXVariantGroup section */
		08801DB01F510F3400BD4BEB /* Main.storyboard */ = {
			isa = PBXVariantGroup;
			children = (
				08801DB11F510F3400BD4BEB /* Base */,
			);
			name = Main.storyboard;
			sourceTree = "<group>";
		};
		08801DB51F510F3400BD4BEB /* LaunchScreen.storyboard */ = {
			isa = PBXVariantGroup;
			children = (
				08801DB61F510F3400BD4BEB /* Base */,
			);
			name = LaunchScreen.storyboard;
			sourceTree = "<group>";
		};
/* End PBXVariantGroup section */

/* Begin XCBuildConfiguration section */
		08801DCF1F510F3400BD4BEB /* Debug */ = {
			isa = XCBuildConfiguration;
			buildSettings = {
				ALWAYS_SEARCH_USER_PATHS = NO;
				CLANG_ANALYZER_NONNULL = YES;
				CLANG_ANALYZER_NUMBER_OBJECT_CONVERSION = YES_AGGRESSIVE;
				CLANG_CXX_LANGUAGE_STANDARD = "gnu++14";
				CLANG_CXX_LIBRARY = "libc++";
				CLANG_ENABLE_MODULES = YES;
				CLANG_ENABLE_OBJC_ARC = YES;
				CLANG_WARN_BLOCK_CAPTURE_AUTORELEASING = YES;
				CLANG_WARN_BOOL_CONVERSION = YES;
				CLANG_WARN_COMMA = YES;
				CLANG_WARN_CONSTANT_CONVERSION = YES;
				CLANG_WARN_DIRECT_OBJC_ISA_USAGE = YES_ERROR;
				CLANG_WARN_DOCUMENTATION_COMMENTS = YES;
				CLANG_WARN_EMPTY_BODY = YES;
				CLANG_WARN_ENUM_CONVERSION = YES;
				CLANG_WARN_INFINITE_RECURSION = YES;
				CLANG_WARN_INT_CONVERSION = YES;
				CLANG_WARN_NON_LITERAL_NULL_CONVERSION = YES;
				CLANG_WARN_OBJC_LITERAL_CONVERSION = YES;
				CLANG_WARN_OBJC_ROOT_CLASS = YES_ERROR;
				CLANG_WARN_RANGE_LOOP_ANALYSIS = YES;
				CLANG_WARN_STRICT_PROTOTYPES = YES;
				CLANG_WARN_SUSPICIOUS_MOVE = YES;
				CLANG_WARN_UNGUARDED_AVAILABILITY = YES_AGGRESSIVE;
				CLANG_WARN_UNREACHABLE_CODE = YES;
				CLANG_WARN__DUPLICATE_METHOD_MATCH = YES;
				CODE_SIGN_IDENTITY = "iPhone Developer";
				COPY_PHASE_STRIP = NO;
				DEBUG_INFORMATION_FORMAT = dwarf;
				ENABLE_STRICT_OBJC_MSGSEND = YES;
				ENABLE_TESTABILITY = YES;
				GCC_C_LANGUAGE_STANDARD = gnu11;
				GCC_DYNAMIC_NO_PIC = NO;
				GCC_NO_COMMON_BLOCKS = YES;
				GCC_OPTIMIZATION_LEVEL = 0;
				GCC_PREPROCESSOR_DEFINITIONS = (
					"DEBUG=1",
					"$(inherited)",
				);
				GCC_WARN_64_TO_32_BIT_CONVERSION = YES;
				GCC_WARN_ABOUT_RETURN_TYPE = YES_ERROR;
				GCC_WARN_UNDECLARED_SELECTOR = YES;
				GCC_WARN_UNINITIALIZED_AUTOS = YES_AGGRESSIVE;
				GCC_WARN_UNUSED_FUNCTION = YES;
				GCC_WARN_UNUSED_VARIABLE = YES;
				IPHONEOS_DEPLOYMENT_TARGET = 11.0;
				MTL_ENABLE_DEBUG_INFO = YES;
				ONLY_ACTIVE_ARCH = YES;
				SDKROOT = iphoneos;
				SWIFT_ACTIVE_COMPILATION_CONDITIONS = DEBUG;
				SWIFT_OPTIMIZATION_LEVEL = "-Onone";
			};
			name = Debug;
		};
		08801DD01F510F3400BD4BEB /* Release */ = {
			isa = XCBuildConfiguration;
			buildSettings = {
				ALWAYS_SEARCH_USER_PATHS = NO;
				CLANG_ANALYZER_NONNULL = YES;
				CLANG_ANALYZER_NUMBER_OBJECT_CONVERSION = YES_AGGRESSIVE;
				CLANG_CXX_LANGUAGE_STANDARD = "gnu++14";
				CLANG_CXX_LIBRARY = "libc++";
				CLANG_ENABLE_MODULES = YES;
				CLANG_ENABLE_OBJC_ARC = YES;
				CLANG_WARN_BLOCK_CAPTURE_AUTORELEASING = YES;
				CLANG_WARN_BOOL_CONVERSION = YES;
				CLANG_WARN_COMMA = YES;
				CLANG_WARN_CONSTANT_CONVERSION = YES;
				CLANG_WARN_DIRECT_OBJC_ISA_USAGE = YES_ERROR;
				CLANG_WARN_DOCUMENTATION_COMMENTS = YES;
				CLANG_WARN_EMPTY_BODY = YES;
				CLANG_WARN_ENUM_CONVERSION = YES;
				CLANG_WARN_INFINITE_RECURSION = YES;
				CLANG_WARN_INT_CONVERSION = YES;
				CLANG_WARN_NON_LITERAL_NULL_CONVERSION = YES;
				CLANG_WARN_OBJC_LITERAL_CONVERSION = YES;
				CLANG_WARN_OBJC_ROOT_CLASS = YES_ERROR;
				CLANG_WARN_RANGE_LOOP_ANALYSIS = YES;
				CLANG_WARN_STRICT_PROTOTYPES = YES;
				CLANG_WARN_SUSPICIOUS_MOVE = YES;
				CLANG_WARN_UNGUARDED_AVAILABILITY = YES_AGGRESSIVE;
				CLANG_WARN_UNREACHABLE_CODE = YES;
				CLANG_WARN__DUPLICATE_METHOD_MATCH = YES;
				CODE_SIGN_IDENTITY = "iPhone Developer";
				COPY_PHASE_STRIP = NO;
				DEBUG_INFORMATION_FORMAT = "dwarf-with-dsym";
				ENABLE_NS_ASSERTIONS = NO;
				ENABLE_STRICT_OBJC_MSGSEND = YES;
				GCC_C_LANGUAGE_STANDARD = gnu11;
				GCC_NO_COMMON_BLOCKS = YES;
				GCC_WARN_64_TO_32_BIT_CONVERSION = YES;
				GCC_WARN_ABOUT_RETURN_TYPE = YES_ERROR;
				GCC_WARN_UNDECLARED_SELECTOR = YES;
				GCC_WARN_UNINITIALIZED_AUTOS = YES_AGGRESSIVE;
				GCC_WARN_UNUSED_FUNCTION = YES;
				GCC_WARN_UNUSED_VARIABLE = YES;
				IPHONEOS_DEPLOYMENT_TARGET = 11.0;
				MTL_ENABLE_DEBUG_INFO = NO;
				SDKROOT = iphoneos;
				SWIFT_OPTIMIZATION_LEVEL = "-Owholemodule";
				VALIDATE_PRODUCT = YES;
			};
			name = Release;
		};
		08801DD21F510F3400BD4BEB /* Debug */ = {
			isa = XCBuildConfiguration;
			baseConfigurationReference = CD2DCB2E1E36A7CE6E4F22CF /* Pods-YesNoApp.debug.xcconfig */;
			buildSettings = {
				ASSETCATALOG_COMPILER_APPICON_NAME = AppIcon;
				CODE_SIGN_ENTITLEMENTS = YesNoApp/Classes/Config/YesNoApp.entitlements;
				CODE_SIGN_IDENTITY = "iPhone Developer";
				CODE_SIGN_STYLE = Automatic;
				DEVELOPMENT_TEAM = J28AXKJXU7;
				ENABLE_BITCODE = NO;
				FRAMEWORK_SEARCH_PATHS = (
					"$(inherited)",
					"$(PROJECT_DIR)/Carthage/Build/iOS",
				);
				INFOPLIST_FILE = "$(SRCROOT)/YesNoApp/Classes/Config/Info/Info.plist";
				IPHONEOS_DEPLOYMENT_TARGET = 10.3;
				LD_RUNPATH_SEARCH_PATHS = "$(inherited) @executable_path/Frameworks";
				PRODUCT_BUNDLE_IDENTIFIER = ro.okamu.YesNoApp;
				PRODUCT_NAME = "$(TARGET_NAME)";
				PROVISIONING_PROFILE = "";
				SWIFT_VERSION = 4.0;
				TARGETED_DEVICE_FAMILY = "1,2";
			};
			name = Debug;
		};
		08801DD31F510F3400BD4BEB /* Release */ = {
			isa = XCBuildConfiguration;
			baseConfigurationReference = F6413783B30388153A788199 /* Pods-YesNoApp.release.xcconfig */;
			buildSettings = {
				ASSETCATALOG_COMPILER_APPICON_NAME = AppIcon;
				CODE_SIGN_ENTITLEMENTS = YesNoApp/Classes/Config/YesNoApp.entitlements;
				CODE_SIGN_IDENTITY = "iPhone Developer";
				CODE_SIGN_STYLE = Automatic;
				DEVELOPMENT_TEAM = J28AXKJXU7;
				FRAMEWORK_SEARCH_PATHS = (
					"$(inherited)",
					"$(PROJECT_DIR)/Carthage/Build/iOS",
				);
				INFOPLIST_FILE = "$(SRCROOT)/YesNoApp/Classes/Config/Info/Info.plist";
				IPHONEOS_DEPLOYMENT_TARGET = 10.3;
				LD_RUNPATH_SEARCH_PATHS = "$(inherited) @executable_path/Frameworks";
				PRODUCT_BUNDLE_IDENTIFIER = ro.okamu.YesNoApp;
				PRODUCT_NAME = "$(TARGET_NAME)";
				PROVISIONING_PROFILE = "";
				SWIFT_VERSION = 4.0;
				TARGETED_DEVICE_FAMILY = "1,2";
			};
			name = Release;
		};
		08801DD51F510F3400BD4BEB /* Debug */ = {
			isa = XCBuildConfiguration;
			baseConfigurationReference = 2BD4128F66560E02596DC72D /* Pods-YesNoAppTests.debug.xcconfig */;
			buildSettings = {
				ALWAYS_EMBED_SWIFT_STANDARD_LIBRARIES = YES;
				BUNDLE_LOADER = "$(TEST_HOST)";
				CODE_SIGN_STYLE = Automatic;
				DEVELOPMENT_TEAM = J28AXKJXU7;
				INFOPLIST_FILE = YesNoAppTests/Info.plist;
				LD_RUNPATH_SEARCH_PATHS = "$(inherited) @executable_path/Frameworks @loader_path/Frameworks";
				PRODUCT_BUNDLE_IDENTIFIER = ro.okamu.YesNoAppTests;
				PRODUCT_NAME = "$(TARGET_NAME)";
				SWIFT_VERSION = 4.0;
				TARGETED_DEVICE_FAMILY = "1,2";
				TEST_HOST = "$(BUILT_PRODUCTS_DIR)/YesNoApp.app/YesNoApp";
			};
			name = Debug;
		};
		08801DD61F510F3400BD4BEB /* Release */ = {
			isa = XCBuildConfiguration;
			baseConfigurationReference = D0BA52D770A269D8A6BBB0BC /* Pods-YesNoAppTests.release.xcconfig */;
			buildSettings = {
				ALWAYS_EMBED_SWIFT_STANDARD_LIBRARIES = YES;
				BUNDLE_LOADER = "$(TEST_HOST)";
				CODE_SIGN_STYLE = Automatic;
				DEVELOPMENT_TEAM = J28AXKJXU7;
				INFOPLIST_FILE = YesNoAppTests/Info.plist;
				LD_RUNPATH_SEARCH_PATHS = "$(inherited) @executable_path/Frameworks @loader_path/Frameworks";
				PRODUCT_BUNDLE_IDENTIFIER = ro.okamu.YesNoAppTests;
				PRODUCT_NAME = "$(TARGET_NAME)";
				SWIFT_VERSION = 4.0;
				TARGETED_DEVICE_FAMILY = "1,2";
				TEST_HOST = "$(BUILT_PRODUCTS_DIR)/YesNoApp.app/YesNoApp";
			};
			name = Release;
		};
		08801DD81F510F3400BD4BEB /* Debug */ = {
			isa = XCBuildConfiguration;
			baseConfigurationReference = 91E4C0D45B63CF1F7794DC2A /* Pods-YesNoAppUITests.debug.xcconfig */;
			buildSettings = {
				ALWAYS_EMBED_SWIFT_STANDARD_LIBRARIES = YES;
				CODE_SIGN_STYLE = Automatic;
				DEVELOPMENT_TEAM = J28AXKJXU7;
				INFOPLIST_FILE = YesNoAppUITests/Info.plist;
				LD_RUNPATH_SEARCH_PATHS = "$(inherited) @executable_path/Frameworks @loader_path/Frameworks";
				PRODUCT_BUNDLE_IDENTIFIER = ro.okamu.YesNoAppUITests;
				PRODUCT_NAME = "$(TARGET_NAME)";
				SWIFT_VERSION = 4.0;
				TARGETED_DEVICE_FAMILY = "1,2";
				TEST_TARGET_NAME = YesNoApp;
			};
			name = Debug;
		};
		08801DD91F510F3400BD4BEB /* Release */ = {
			isa = XCBuildConfiguration;
			baseConfigurationReference = 187A00EDBD58F080006958BC /* Pods-YesNoAppUITests.release.xcconfig */;
			buildSettings = {
				ALWAYS_EMBED_SWIFT_STANDARD_LIBRARIES = YES;
				CODE_SIGN_STYLE = Automatic;
				DEVELOPMENT_TEAM = J28AXKJXU7;
				INFOPLIST_FILE = YesNoAppUITests/Info.plist;
				LD_RUNPATH_SEARCH_PATHS = "$(inherited) @executable_path/Frameworks @loader_path/Frameworks";
				PRODUCT_BUNDLE_IDENTIFIER = ro.okamu.YesNoAppUITests;
				PRODUCT_NAME = "$(TARGET_NAME)";
				SWIFT_VERSION = 4.0;
				TARGETED_DEVICE_FAMILY = "1,2";
				TEST_TARGET_NAME = YesNoApp;
			};
			name = Release;
		};
/* End XCBuildConfiguration section */

/* Begin XCConfigurationList section */
		08801DA41F510F3400BD4BEB /* Build configuration list for PBXProject "YesNoApp" */ = {
			isa = XCConfigurationList;
			buildConfigurations = (
				08801DCF1F510F3400BD4BEB /* Debug */,
				08801DD01F510F3400BD4BEB /* Release */,
			);
			defaultConfigurationIsVisible = 0;
			defaultConfigurationName = Release;
		};
		08801DD11F510F3400BD4BEB /* Build configuration list for PBXNativeTarget "YesNoApp" */ = {
			isa = XCConfigurationList;
			buildConfigurations = (
				08801DD21F510F3400BD4BEB /* Debug */,
				08801DD31F510F3400BD4BEB /* Release */,
			);
			defaultConfigurationIsVisible = 0;
			defaultConfigurationName = Release;
		};
		08801DD41F510F3400BD4BEB /* Build configuration list for PBXNativeTarget "YesNoAppTests" */ = {
			isa = XCConfigurationList;
			buildConfigurations = (
				08801DD51F510F3400BD4BEB /* Debug */,
				08801DD61F510F3400BD4BEB /* Release */,
			);
			defaultConfigurationIsVisible = 0;
			defaultConfigurationName = Release;
		};
		08801DD71F510F3400BD4BEB /* Build configuration list for PBXNativeTarget "YesNoAppUITests" */ = {
			isa = XCConfigurationList;
			buildConfigurations = (
				08801DD81F510F3400BD4BEB /* Debug */,
				08801DD91F510F3400BD4BEB /* Release */,
			);
			defaultConfigurationIsVisible = 0;
			defaultConfigurationName = Release;
		};
/* End XCConfigurationList section */
	};
	rootObject = 08801DA11F510F3400BD4BEB /* Project object */;
}
